
Microsoft Visual Studio Solution File, Format Version 12.00
# Visual Studio 15
VisualStudioVersion = 15.0.26730.3
MinimumVisualStudioVersion = 10.0.40219.1
Project("{2150E333-8FDC-42A3-9474-1A3956D46DE8}") = "src", "src", "{BB57B7DB-10A4-4469-9D51-D0878BB88390}"
EndProject
Project("{FAE04EC0-301F-11D3-BF4B-00C04F79EFBC}") = "SmartApp", "SmartApp\SmartApp\SmartApp.csproj", "{638A9940-F0C2-4E93-AD54-27B6D593AC33}"
EndProject
Project("{FAE04EC0-301F-11D3-BF4B-00C04F79EFBC}") = "DAL", "SmartApp\DAL\DAL.csproj", "{70617CB3-A35B-4B46-A946-610ECE338B46}"
EndProject
Global
	GlobalSection(SolutionConfigurationPlatforms) = preSolution
		Debug|Any CPU = Debug|Any CPU
		Release|Any CPU = Release|Any CPU
	EndGlobalSection
	GlobalSection(ProjectConfigurationPlatforms) = postSolution
		{638A9940-F0C2-4E93-AD54-27B6D593AC33}.Debug|Any CPU.ActiveCfg = Debug|Any CPU
		{638A9940-F0C2-4E93-AD54-27B6D593AC33}.Debug|Any CPU.Build.0 = Debug|Any CPU
		{638A9940-F0C2-4E93-AD54-27B6D593AC33}.Release|Any CPU.ActiveCfg = Release|Any CPU
		{638A9940-F0C2-4E93-AD54-27B6D593AC33}.Release|Any CPU.Build.0 = Release|Any CPU
		{70617CB3-A35B-4B46-A946-610ECE338B46}.Debug|Any CPU.ActiveCfg = Debug|Any CPU
		{70617CB3-A35B-4B46-A946-610ECE338B46}.Debug|Any CPU.Build.0 = Debug|Any CPU
		{70617CB3-A35B-4B46-A946-610ECE338B46}.Release|Any CPU.ActiveCfg = Release|Any CPU
		{70617CB3-A35B-4B46-A946-610ECE338B46}.Release|Any CPU.Build.0 = Release|Any CPU
	EndGlobalSection
	GlobalSection(SolutionProperties) = preSolution
		HideSolutionNode = FALSE
	EndGlobalSection
	GlobalSection(NestedProjects) = preSolution
		{638A9940-F0C2-4E93-AD54-27B6D593AC33} = {BB57B7DB-10A4-4469-9D51-D0878BB88390}
		{70617CB3-A35B-4B46-A946-610ECE338B46} = {BB57B7DB-10A4-4469-9D51-D0878BB88390}
	EndGlobalSection
	GlobalSection(ExtensibilityGlobals) = postSolution
		SolutionGuid = {AFD2C432-DD21-4B7F-97F9-3672D8C71044}
	EndGlobalSection
EndGlobal
